PODS:
  - ActionSheetPicker-3.0 (2.3.0)
  - Alamofire (4.5.1)
  - Bolts (1.9.0):
    - Bolts/AppLinks (= 1.9.0)
    - Bolts/Tasks (= 1.9.0)
  - Bolts/AppLinks (1.9.0):
    - Bolts/Tasks
  - Bolts/Tasks (1.9.0)
  - CITreeView (1.6.1)
  - DatePickerDialog (2.0)
  - DropDown (2.3.2)
  - FBSDKCoreKit (4.35.0):
    - Bolts (~> 1.7)
  - FBSDKLoginKit (4.35.0):
    - FBSDKCoreKit
  - FBSDKMessengerShareKit (1.3.2)
  - FBSDKPlacesKit (4.35.0):
    - FBSDKCoreKit
  - FBSDKShareKit (4.35.0):
    - FBSDKCoreKit (~> 4.35.0)
  - GoogleSignIn (4.1.2):
    - "GoogleToolboxForMac/NSDictionary+URLArguments (~> 2.1)"
    - "GoogleToolboxForMac/NSString+URLArguments (~> 2.1)"
    - GTMOAuth2 (~> 1.0)
    - GTMSessionFetcher/Core (~> 1.1)
  - GoogleToolboxForMac/DebugUtils (2.1.4):
    - GoogleToolboxForMac/Defines (= 2.1.4)
  - GoogleToolboxForMac/Defines (2.1.4)
  - "GoogleToolboxForMac/NSDictionary+URLArguments (2.1.4)":
    - GoogleToolboxForMac/DebugUtils (= 2.1.4)
    - GoogleToolboxForMac/Defines (= 2.1.4)
    - "GoogleToolboxForMac/NSString+URLArguments (= 2.1.4)"
  - "GoogleToolboxForMac/NSString+URLArguments (2.1.4)"
  - GTMOAuth2 (1.1.6):
    - GTMSessionFetcher (~> 1.1)
  - GTMSessionFetcher (1.2.0):
    - GTMSessionFetcher/Full (= 1.2.0)
  - GTMSessionFetcher/Core (1.2.0)
  - GTMSessionFetcher/Full (1.2.0):
    - GTMSessionFetcher/Core (= 1.2.0)
  - IQKeyboardManagerSwift (6.1.1)
  - libwebp (0.6.1):
    - libwebp/core (= 0.6.1)
    - libwebp/dec (= 0.6.1)
    - libwebp/demux (= 0.6.1)
    - libwebp/dsp (= 0.6.1)
    - libwebp/enc (= 0.6.1)
    - libwebp/mux (= 0.6.1)
    - libwebp/utils (= 0.6.1)
    - libwebp/webp (= 0.6.1)
  - libwebp/core (0.6.1):
    - libwebp/webp
  - libwebp/dec (0.6.1):
    - libwebp/core
  - libwebp/demux (0.6.1):
    - libwebp/core
  - libwebp/dsp (0.6.1):
    - libwebp/core
  - libwebp/enc (0.6.1):
    - libwebp/core
  - libwebp/mux (0.6.1):
    - libwebp/core
  - libwebp/utils (0.6.1):
    - libwebp/core
  - libwebp/webp (0.6.1)
  - lottie-ios (2.5.0)
  - Realm (3.7.5):
    - Realm/Headers (= 3.7.5)
  - Realm/Headers (3.7.5)
  - RealmSwift (3.7.5):
    - Realm (= 3.7.5)
  - RSKPlaceholderTextView (3.1.0)
  - SDWebImage/Core (4.4.2)
  - SDWebImage/WebP (4.4.2):
    - libwebp (~> 0.5)
    - SDWebImage/Core
  - SkyFloatingLabelTextField (3.5.1)
  - SwiftyJSON (4.1.0)

DEPENDENCIES:
  - ActionSheetPicker-3.0
  - Alamofire (~> 4.5.0)
  - CITreeView
  - DatePickerDialog
  - DropDown
  - FBSDKCoreKit
  - FBSDKLoginKit
  - FBSDKMessengerShareKit
  - FBSDKPlacesKit
  - FBSDKShareKit
  - GoogleSignIn
  - IQKeyboardManagerSwift
  - lottie-ios
  - RealmSwift
  - RSKPlaceholderTextView
  - SDWebImage/WebP
  - SkyFloatingLabelTextField (~> 3.0)
  - SwiftyJSON

SPEC REPOS:
  https://github.com/cocoapods/specs.git:
    - ActionSheetPicker-3.0
    - Alamofire
    - Bolts
    - CITreeView
    - DatePickerDialog
    - DropDown
    - FBSDKCoreKit
    - FBSDKLoginKit
    - FBSDKMessengerShareKit
    - FBSDKPlacesKit
    - FBSDKShareKit
    - GoogleSignIn
    - GoogleToolboxForMac
    - GTMOAuth2
    - GTMSessionFetcher
    - IQKeyboardManagerSwift
    - libwebp
    - lottie-ios
    - Realm
    - RealmSwift
    - RSKPlaceholderTextView
    - SDWebImage
    - SkyFloatingLabelTextField
    - SwiftyJSON

SPEC CHECKSUMS:
  ActionSheetPicker-3.0: eef157d75e151f255c5333d26656c7fbfe905a51
  Alamofire: 2d95912bf4c34f164fdfc335872e8c312acaea4a
  Bolts: ac6567323eac61e203f6a9763667d0f711be34c8
  CITreeView: f7bcaa750a6d9e1a646f057bc581c4f146badb3b
  DatePickerDialog: 5e1c24d9fe6506cd45dbc573eed7b0a251b1c09d
  DropDown: 7f87abecc28f9b4edad810fe1211c5c018c257e5
  FBSDKCoreKit: 1a5b2e3ceb5ca827a53c54aa5f4a3480efff80d2
  FBSDKLoginKit: 00a3d65d1226852f9d76dcddff01981e5e6d9c38
  FBSDKMessengerShareKit: bdd14265f5845e6d1c95a128ab33705a68ca1c21
  FBSDKPlacesKit: 58bf53000e61c74ee40a3b40e7f485c5192b7104
  FBSDKShareKit: 2ddbd7e6432023fff957af62e23a3671b84319f7
  GoogleSignIn: d9ef55b10f0aa401a5de2747f59b725e4b9732ac
  GoogleToolboxForMac: 91c824d21e85b31c2aae9bb011c5027c9b4e738f
  GTMOAuth2: e8b6512c896235149df975c41d9a36c868ab7fba
  GTMSessionFetcher: 0c4baf0a73acd0041bf9f71ea018deedab5ea84e
  IQKeyboardManagerSwift: 977affaeb4d6e971975c7790a6850f31d38f1207
  libwebp: 0f01098c6c17175391af621b2f14150f3ca16e16
  lottie-ios: d699fdee68d7b63e721d949388b015fef1aaa4ac
  Realm: c286caf4dbf346ce24aad49ca76c7ce622d4a082
  RealmSwift: 2a9281e37d6de55f66f76254d49d28aeb1b729e4
  RSKPlaceholderTextView: 78dc8dfe343abec377503edf4689a743d23a4318
  SDWebImage: 624d6e296c69b244bcede364c72ae0430ac14681
  SkyFloatingLabelTextField: 4cbeece9c3aae97c6019d8fae511cb5b755874f7
  SwiftyJSON: c29297daf073d2aa016295d5809cdd68045c39b3

PODFILE CHECKSUM: 32a63fa64fe5499afc3bc1b9a1cb36903c8f018a

COCOAPODS: 1.5.3
